
Microsoft Visual Studio Solution File, Format Version 12.00
Project("{F2A71F9B-5D33-465A-A702-920D77279786}") = "StereoDB.Cluster", "src\StereoDB.Cluster\StereoDB.Cluster.fsproj", "{FC67C46F-551A-4F50-8ABE-BB072D0CC26E}"
EndProject
Project("{2150E333-8FDC-42A3-9474-1A3956D46DE8}") = "tests", "tests", "{E8EFDB55-9AA5-4389-9D5A-6A9BF643634C}"
EndProject
Project("{F2A71F9B-5D33-465A-A702-920D77279786}") = "StereoDB.Cluster.Tests", "tests\StereoDB.Cluster.Tests\StereoDB.Cluster.Tests.fsproj", "{FD00F5F4-488E-4C12-A11C-45A6F48E0091}"
EndProject
Project("{2150E333-8FDC-42A3-9474-1A3956D46DE8}") = "solution items", "solution items", "{BFC4B77A-E6D4-4712-8EB1-9484DE229A51}"
	ProjectSection(SolutionItems) = preProject
		docker-compose.yml = docker-compose.yml
	EndProjectSection
EndProject
Global
	GlobalSection(SolutionConfigurationPlatforms) = preSolution
		Debug|Any CPU = Debug|Any CPU
		Release|Any CPU = Release|Any CPU
	EndGlobalSection
	GlobalSection(ProjectConfigurationPlatforms) = postSolution
		{FC67C46F-551A-4F50-8ABE-BB072D0CC26E}.Debug|Any CPU.ActiveCfg = Debug|Any CPU
		{FC67C46F-551A-4F50-8ABE-BB072D0CC26E}.Debug|Any CPU.Build.0 = Debug|Any CPU
		{FC67C46F-551A-4F50-8ABE-BB072D0CC26E}.Release|Any CPU.ActiveCfg = Release|Any CPU
		{FC67C46F-551A-4F50-8ABE-BB072D0CC26E}.Release|Any CPU.Build.0 = Release|Any CPU
		{FD00F5F4-488E-4C12-A11C-45A6F48E0091}.Debug|Any CPU.ActiveCfg = Debug|Any CPU
		{FD00F5F4-488E-4C12-A11C-45A6F48E0091}.Debug|Any CPU.Build.0 = Debug|Any CPU
		{FD00F5F4-488E-4C12-A11C-45A6F48E0091}.Release|Any CPU.ActiveCfg = Release|Any CPU
		{FD00F5F4-488E-4C12-A11C-45A6F48E0091}.Release|Any CPU.Build.0 = Release|Any CPU
	EndGlobalSection
	GlobalSection(NestedProjects) = preSolution
		{FD00F5F4-488E-4C12-A11C-45A6F48E0091} = {E8EFDB55-9AA5-4389-9D5A-6A9BF643634C}
	EndGlobalSection
EndGlobal
